langcode: en
status: true
dependencies:
  module:
    - form_auto_fill
  theme:
    - joinup_theme
id: idawesomemodulesettingsblock
theme: joinup_theme
region: sidebar_left
weight: 0
provider: null
plugin: form_auto_fill_settings_block
settings:
  id: form_auto_fill_settings_block
  label: 'Auto fill forms'
  provider: form_auto_fill
  label_display: visible
visibility: {  }
